
Microsoft Visual Studio Solution File, Format Version 12.00
# Visual Studio 14
VisualStudioVersion = 14.0.25420.1
MinimumVisualStudioVersion = 10.0.40219.1
Project("{FAE04EC0-301F-11D3-BF4B-00C04F79EFBC}") = "QuieroPizza.Web", "QuieroPizza.Web\QuieroPizza.Web.csproj", "{4DB75C0E-93AD-41ED-B8BB-B917FACDFDB7}"
EndProject
Project("{FAE04EC0-301F-11D3-BF4B-00C04F79EFBC}") = "QuieroPizza.BL", "QuieroPizza.BL\QuieroPizza.BL.csproj", "{3B9C9B27-6333-4F7A-84D4-4D05E77A793F}"
EndProject
Project("{FAE04EC0-301F-11D3-BF4B-00C04F79EFBC}") = "QuieroPizza.Win", "QuieroPizza.Win\QuieroPizza.Win.csproj", "{C4439952-930B-43AC-8A8C-45712DCEF241}"
EndProject
Global
	GlobalSection(SolutionConfigurationPlatforms) = preSolution
		Debug|Any CPU = Debug|Any CPU
		Release|Any CPU = Release|Any CPU
	EndGlobalSection
	GlobalSection(ProjectConfigurationPlatforms) = postSolution
		{4DB75C0E-93AD-41ED-B8BB-B917FACDFDB7}.Debug|Any CPU.ActiveCfg = Debug|Any CPU
		{4DB75C0E-93AD-41ED-B8BB-B917FACDFDB7}.Debug|Any CPU.Build.0 = Debug|Any CPU
		{4DB75C0E-93AD-41ED-B8BB-B917FACDFDB7}.Release|Any CPU.ActiveCfg = Release|Any CPU
		{4DB75C0E-93AD-41ED-B8BB-B917FACDFDB7}.Release|Any CPU.Build.0 = Release|Any CPU
		{3B9C9B27-6333-4F7A-84D4-4D05E77A793F}.Debug|Any CPU.ActiveCfg = Debug|Any CPU
		{3B9C9B27-6333-4F7A-84D4-4D05E77A793F}.Debug|Any CPU.Build.0 = Debug|Any CPU
		{3B9C9B27-6333-4F7A-84D4-4D05E77A793F}.Release|Any CPU.ActiveCfg = Release|Any CPU
		{3B9C9B27-6333-4F7A-84D4-4D05E77A793F}.Release|Any CPU.Build.0 = Release|Any CPU
		{C4439952-930B-43AC-8A8C-45712DCEF241}.Debug|Any CPU.ActiveCfg = Debug|Any CPU
		{C4439952-930B-43AC-8A8C-45712DCEF241}.Debug|Any CPU.Build.0 = Debug|Any CPU
		{C4439952-930B-43AC-8A8C-45712DCEF241}.Release|Any CPU.ActiveCfg = Release|Any CPU
		{C4439952-930B-43AC-8A8C-45712DCEF241}.Release|Any CPU.Build.0 = Release|Any CPU
	EndGlobalSection
	GlobalSection(SolutionProperties) = preSolution
		HideSolutionNode = FALSE
	EndGlobalSection
EndGlobal
